
Microsoft Visual Studio Solution File, Format Version 12.00
# Visual Studio Version 17
VisualStudioVersion = 17.9.34728.123
MinimumVisualStudioVersion = 10.0.40219.1
Project("{FAE04EC0-301F-11D3-BF4B-00C04F79EFBC}") = "exercicio2", "exercicio2\exercicio2.csproj", "{D38F4AFB-D7A7-4259-9727-D4A155DD878A}"
EndProject
Global
	GlobalSection(SolutionConfigurationPlatforms) = preSolution
		Debug|Any CPU = Debug|Any CPU
		Release|Any CPU = Release|Any CPU
	EndGlobalSection
	GlobalSection(ProjectConfigurationPlatforms) = postSolution
		{D38F4AFB-D7A7-4259-9727-D4A155DD878A}.Debug|Any CPU.ActiveCfg = Debug|Any CPU
		{D38F4AFB-D7A7-4259-9727-D4A155DD878A}.Debug|Any CPU.Build.0 = Debug|Any CPU
		{D38F4AFB-D7A7-4259-9727-D4A155DD878A}.Release|Any CPU.ActiveCfg = Release|Any CPU
		{D38F4AFB-D7A7-4259-9727-D4A155DD878A}.Release|Any CPU.Build.0 = Release|Any CPU
	EndGlobalSection
	GlobalSection(SolutionProperties) = preSolution
		HideSolutionNode = FALSE
	EndGlobalSection
	GlobalSection(ExtensibilityGlobals) = postSolution
		SolutionGuid = {25A1BF73-EE5F-4381-92A2-A7C96627186E}
	EndGlobalSection
EndGlobal
