
Microsoft Visual Studio Solution File, Format Version 12.00
# Visual Studio Version 17
VisualStudioVersion = 17.9.34728.123
MinimumVisualStudioVersion = 10.0.40219.1
Project("{FAE04EC0-301F-11D3-BF4B-00C04F79EFBC}") = "Exercicio_vetores_aula22_04", "Exercicio_vetores_aula22_04\Exercicio_vetores_aula22_04.csproj", "{A0C5E779-18CF-457B-A03B-E2AD19E8FD05}"
EndProject
Global
	GlobalSection(SolutionConfigurationPlatforms) = preSolution
		Debug|Any CPU = Debug|Any CPU
		Release|Any CPU = Release|Any CPU
	EndGlobalSection
	GlobalSection(ProjectConfigurationPlatforms) = postSolution
		{A0C5E779-18CF-457B-A03B-E2AD19E8FD05}.Debug|Any CPU.ActiveCfg = Debug|Any CPU
		{A0C5E779-18CF-457B-A03B-E2AD19E8FD05}.Debug|Any CPU.Build.0 = Debug|Any CPU
		{A0C5E779-18CF-457B-A03B-E2AD19E8FD05}.Release|Any CPU.ActiveCfg = Release|Any CPU
		{A0C5E779-18CF-457B-A03B-E2AD19E8FD05}.Release|Any CPU.Build.0 = Release|Any CPU
	EndGlobalSection
	GlobalSection(SolutionProperties) = preSolution
		HideSolutionNode = FALSE
	EndGlobalSection
	GlobalSection(ExtensibilityGlobals) = postSolution
		SolutionGuid = {BF600FF4-BF7D-4265-95F0-B6648DAE3064}
	EndGlobalSection
EndGlobal
