
Microsoft Visual Studio Solution File, Format Version 12.00
# Visual Studio Version 17
VisualStudioVersion = 17.9.34728.123
MinimumVisualStudioVersion = 10.0.40219.1
Project("{FAE04EC0-301F-11D3-BF4B-00C04F79EFBC}") = "Exercicio_calculadora_com_SwitchCase", "Exercicio_calculadora_com_SwitchCase\Exercicio_calculadora_com_SwitchCase.csproj", "{7AD4869B-84D4-4ECA-AB49-04592CC6FD65}"
EndProject
Global
	GlobalSection(SolutionConfigurationPlatforms) = preSolution
		Debug|Any CPU = Debug|Any CPU
		Release|Any CPU = Release|Any CPU
	EndGlobalSection
	GlobalSection(ProjectConfigurationPlatforms) = postSolution
		{7AD4869B-84D4-4ECA-AB49-04592CC6FD65}.Debug|Any CPU.ActiveCfg = Debug|Any CPU
		{7AD4869B-84D4-4ECA-AB49-04592CC6FD65}.Debug|Any CPU.Build.0 = Debug|Any CPU
		{7AD4869B-84D4-4ECA-AB49-04592CC6FD65}.Release|Any CPU.ActiveCfg = Release|Any CPU
		{7AD4869B-84D4-4ECA-AB49-04592CC6FD65}.Release|Any CPU.Build.0 = Release|Any CPU
	EndGlobalSection
	GlobalSection(SolutionProperties) = preSolution
		HideSolutionNode = FALSE
	EndGlobalSection
	GlobalSection(ExtensibilityGlobals) = postSolution
		SolutionGuid = {F9C85FBF-5681-483D-9D27-E1C2597141F8}
	EndGlobalSection
EndGlobal
