
Microsoft Visual Studio Solution File, Format Version 12.00
# Visual Studio Version 17
VisualStudioVersion = 17.9.34728.123
MinimumVisualStudioVersion = 10.0.40219.1
Project("{FAE04EC0-301F-11D3-BF4B-00C04F79EFBC}") = "exercicio1_numeros_primos", "exercicio1_numeros_primos\exercicio1_numeros_primos.csproj", "{CED13E10-8C3A-413C-A996-BA637ED551BC}"
EndProject
Global
	GlobalSection(SolutionConfigurationPlatforms) = preSolution
		Debug|Any CPU = Debug|Any CPU
		Release|Any CPU = Release|Any CPU
	EndGlobalSection
	GlobalSection(ProjectConfigurationPlatforms) = postSolution
		{CED13E10-8C3A-413C-A996-BA637ED551BC}.Debug|Any CPU.ActiveCfg = Debug|Any CPU
		{CED13E10-8C3A-413C-A996-BA637ED551BC}.Debug|Any CPU.Build.0 = Debug|Any CPU
		{CED13E10-8C3A-413C-A996-BA637ED551BC}.Release|Any CPU.ActiveCfg = Release|Any CPU
		{CED13E10-8C3A-413C-A996-BA637ED551BC}.Release|Any CPU.Build.0 = Release|Any CPU
	EndGlobalSection
	GlobalSection(SolutionProperties) = preSolution
		HideSolutionNode = FALSE
	EndGlobalSection
	GlobalSection(ExtensibilityGlobals) = postSolution
		SolutionGuid = {3715E5C1-B949-4560-B91F-C28F723B017F}
	EndGlobalSection
EndGlobal
