
Microsoft Visual Studio Solution File, Format Version 12.00
# Visual Studio Version 17
VisualStudioVersion = 17.9.34728.123
MinimumVisualStudioVersion = 10.0.40219.1
Project("{FAE04EC0-301F-11D3-BF4B-00C04F79EFBC}") = "Tarefa_aula_23_04_Sorteio_da_mega", "Tarefa_aula_23_04_Sorteio_da_mega\Tarefa_aula_23_04_Sorteio_da_mega.csproj", "{8925D3F0-E16B-42A6-A85C-A59C230812EC}"
EndProject
Global
	GlobalSection(SolutionConfigurationPlatforms) = preSolution
		Debug|Any CPU = Debug|Any CPU
		Release|Any CPU = Release|Any CPU
	EndGlobalSection
	GlobalSection(ProjectConfigurationPlatforms) = postSolution
		{8925D3F0-E16B-42A6-A85C-A59C230812EC}.Debug|Any CPU.ActiveCfg = Debug|Any CPU
		{8925D3F0-E16B-42A6-A85C-A59C230812EC}.Debug|Any CPU.Build.0 = Debug|Any CPU
		{8925D3F0-E16B-42A6-A85C-A59C230812EC}.Release|Any CPU.ActiveCfg = Release|Any CPU
		{8925D3F0-E16B-42A6-A85C-A59C230812EC}.Release|Any CPU.Build.0 = Release|Any CPU
	EndGlobalSection
	GlobalSection(SolutionProperties) = preSolution
		HideSolutionNode = FALSE
	EndGlobalSection
	GlobalSection(ExtensibilityGlobals) = postSolution
		SolutionGuid = {54A9706B-1393-42A2-98CE-25F1DBA3496A}
	EndGlobalSection
EndGlobal
