
Microsoft Visual Studio Solution File, Format Version 12.00
# Visual Studio Version 17
VisualStudioVersion = 17.9.34728.123
MinimumVisualStudioVersion = 10.0.40219.1
Project("{FAE04EC0-301F-11D3-BF4B-00C04F79EFBC}") = "exercio6_IMC", "exercio6_IMC\exercio6_IMC.csproj", "{C6E4C547-D188-4A6C-A48C-2857E2EA9249}"
EndProject
Global
	GlobalSection(SolutionConfigurationPlatforms) = preSolution
		Debug|Any CPU = Debug|Any CPU
		Release|Any CPU = Release|Any CPU
	EndGlobalSection
	GlobalSection(ProjectConfigurationPlatforms) = postSolution
		{C6E4C547-D188-4A6C-A48C-2857E2EA9249}.Debug|Any CPU.ActiveCfg = Debug|Any CPU
		{C6E4C547-D188-4A6C-A48C-2857E2EA9249}.Debug|Any CPU.Build.0 = Debug|Any CPU
		{C6E4C547-D188-4A6C-A48C-2857E2EA9249}.Release|Any CPU.ActiveCfg = Release|Any CPU
		{C6E4C547-D188-4A6C-A48C-2857E2EA9249}.Release|Any CPU.Build.0 = Release|Any CPU
	EndGlobalSection
	GlobalSection(SolutionProperties) = preSolution
		HideSolutionNode = FALSE
	EndGlobalSection
	GlobalSection(ExtensibilityGlobals) = postSolution
		SolutionGuid = {0F2AA076-339F-4D27-801E-A476C53AF3FD}
	EndGlobalSection
EndGlobal
